// !$*UTF8*$!
{
	archiveVersion = 1;
	classes = {
	};
	objectVersion = 56;
	objects = {

/* Begin PBXBuildFile section */
		5B1D8F522D13774100297376 /* stitchesAppApp.swift in Sources */ = {isa = PBXBuildFile; fileRef = 5B1D8F512D13774100297376 /* stitchesAppApp.swift */; };
		5B1D8F542D13774100297376 /* ContentView.swift in Sources */ = {isa = PBXBuildFile; fileRef = 5B1D8F532D13774100297376 /* ContentView.swift */; };
		5B1D8F562D13774200297376 /* Assets.xcassets in Resources */ = {isa = PBXBuildFile; fileRef = 5B1D8F552D13774200297376 /* Assets.xcassets */; };
		5B1D8F592D13774200297376 /* Preview Assets.xcassets in Resources */ = {isa = PBXBuildFile; fileRef = 5B1D8F582D13774200297376 /* Preview Assets.xcassets */; };
		5B1D8F5B2D13774200297376 /* Persistence.swift in Sources */ = {isa = PBXBuildFile; fileRef = 5B1D8F5A2D13774200297376 /* Persistence.swift */; };
		5B1D8F5E2D13774200297376 /* stitchesApp.xcdatamodeld in Sources */ = {isa = PBXBuildFile; fileRef = 5B1D8F5C2D13774200297376 /* stitchesApp.xcdatamodeld */; };
		5B1D8F682D13774200297376 /* stitchesAppTests.swift in Sources */ = {isa = PBXBuildFile; fileRef = 5B1D8F672D13774200297376 /* stitchesAppTests.swift */; };
		5B1D8F722D13774200297376 /* stitchesAppUITests.swift in Sources */ = {isa = PBXBuildFile; fileRef = 5B1D8F712D13774200297376 /* stitchesAppUITests.swift */; };
		5B1D8F742D13774200297376 /* stitchesAppUITestsLaunchTests.swift in Sources */ = {isa = PBXBuildFile; fileRef = 5B1D8F732D13774200297376 /* stitchesAppUITestsLaunchTests.swift */; };
/* End PBXBuildFile section */

/* Begin PBXContainerItemProxy section */
		5B1D8F642D13774200297376 /* PBXContainerItemProxy */ = {
			isa = PBXContainerItemProxy;
			containerPortal = 5B1D8F462D13774100297376 /* Project object */;
			proxyType = 1;
			remoteGlobalIDString = 5B1D8F4D2D13774100297376;
			remoteInfo = stitchesApp;
		};
		5B1D8F6E2D13774200297376 /* PBXContainerItemProxy */ = {
			isa = PBXContainerItemProxy;
			containerPortal = 5B1D8F462D13774100297376 /* Project object */;
			proxyType = 1;
			remoteGlobalIDString = 5B1D8F4D2D13774100297376;
			remoteInfo = stitchesApp;
		};
/* End PBXContainerItemProxy section */

/* Begin PBXFileReference section */
		5B1D8F4E2D13774100297376 /* stitchesApp.app */ = {isa = PBXFileReference; explicitFileType = wrapper.application; includeInIndex = 0; path = stitchesApp.app; sourceTree = BUILT_PRODUCTS_DIR; };
		5B1D8F512D13774100297376 /* stitchesAppApp.swift */ = {isa = PBXFileReference; lastKnownFileType = sourcecode.swift; path = stitchesAppApp.swift; sourceTree = "<group>"; };
		5B1D8F532D13774100297376 /* ContentView.swift */ = {isa = PBXFileReference; lastKnownFileType = sourcecode.swift; path = ContentView.swift; sourceTree = "<group>"; };
		5B1D8F552D13774200297376 /* Assets.xcassets */ = {isa = PBXFileReference; lastKnownFileType = folder.assetcatalog; name = Assets.xcassets; path = ../stitchesApp/Assets.xcassets; sourceTree = "<group>"; };
		5B1D8F582D13774200297376 /* Preview Assets.xcassets */ = {isa = PBXFileReference; lastKnownFileType = folder.assetcatalog; path = "Preview Assets.xcassets"; sourceTree = "<group>"; };
		5B1D8F5A2D13774200297376 /* Persistence.swift */ = {isa = PBXFileReference; lastKnownFileType = sourcecode.swift; path = Persistence.swift; sourceTree = "<group>"; };
		5B1D8F5D2D13774200297376 /* stitchesApp.xcdatamodel */ = {isa = PBXFileReference; lastKnownFileType = wrapper.xcdatamodel; path = stitchesApp.xcdatamodel; sourceTree = "<group>"; };
		5B1D8F632D13774200297376 /* stitchesAppTests.xctest */ = {isa = PBXFileReference; explicitFileType = wrapper.cfbundle; includeInIndex = 0; path = stitchesAppTests.xctest; sourceTree = BUILT_PRODUCTS_DIR; };
		5B1D8F672D13774200297376 /* stitchesAppTests.swift */ = {isa = PBXFileReference; lastKnownFileType = sourcecode.swift; path = stitchesAppTests.swift; sourceTree = "<group>"; };
		5B1D8F6D2D13774200297376 /* stitchesAppUITests.xctest */ = {isa = PBXFileReference; explicitFileType = wrapper.cfbundle; includeInIndex = 0; path = stitchesAppUITests.xctest; sourceTree = BUILT_PRODUCTS_DIR; };
		5B1D8F712D13774200297376 /* stitchesAppUITests.swift */ = {isa = PBXFileReference; lastKnownFileType = sourcecode.swift; path = stitchesAppUITests.swift; sourceTree = "<group>"; };
		5B1D8F732D13774200297376 /* stitchesAppUITestsLaunchTests.swift */ = {isa = PBXFileReference; lastKnownFileType = sourcecode.swift; path = stitchesAppUITestsLaunchTests.swift; sourceTree = "<group>"; };
/* End PBXFileReference section */

/* Begin PBXFrameworksBuildPhase section */
		5B1D8F4B2D13774100297376 /* Frameworks */ = {
			isa = PBXFrameworksBuildPhase;
			buildActionMask = 2147483647;
			files = (
			);
			runOnlyForDeploymentPostprocessing = 0;
		};
		5B1D8F602D13774200297376 /* Frameworks */ = {
			isa = PBXFrameworksBuildPhase;
			buildActionMask = 2147483647;
			files = (
			);
			runOnlyForDeploymentPostprocessing = 0;
		};
		5B1D8F6A2D13774200297376 /* Frameworks */ = {
			isa = PBXFrameworksBuildPhase;
			buildActionMask = 2147483647;
			files = (
			);
			runOnlyForDeploymentPostprocessing = 0;
		};
/* End PBXFrameworksBuildPhase section */

/* Begin PBXGroup section */
		5B16DE192D137F61008B5FEB /* Tests */ = {
			isa = PBXGroup;
			children = (
				5B37E4F82D1382D3005A3031 /* UITests */,
				5B37E4F72D1382CD005A3031 /* UnitTests */,
			);
			path = Tests;
			sourceTree = "<group>";
		};
		5B16DE1D2D137F97008B5FEB /* Constants */ = {
			isa = PBXGroup;
			children = (
			);
			path = Constants;
			sourceTree = "<group>";
		};
		5B16DE1E2D137F9E008B5FEB /* Extensions */ = {
			isa = PBXGroup;
			children = (
			);
			path = Extensions;
			sourceTree = "<group>";
		};
		5B16DE1F2D137FA3008B5FEB /* Utilities */ = {
			isa = PBXGroup;
			children = (
			);
			path = Utilities;
			sourceTree = "<group>";
		};
		5B16DE262D137FE9008B5FEB /* CoreData */ = {
			isa = PBXGroup;
			children = (
				5B1D8F5C2D13774200297376 /* stitchesApp.xcdatamodeld */,
				5B16DE272D137FEE008B5FEB /* Models */,
			);
			path = CoreData;
			sourceTree = "<group>";
		};
		5B16DE272D137FEE008B5FEB /* Models */ = {
			isa = PBXGroup;
			children = (
			);
			path = Models;
			sourceTree = "<group>";
		};
		5B1D8F452D13774100297376 = {
			isa = PBXGroup;
			children = (
				5B92DDD02D137E8100306A26 /* Application */,
				5B92DDD12D137E9C00306A26 /* Core */,
				5B92DDD22D137EA200306A26 /* Data */,
				5B92DDD32D137EAB00306A26 /* Features */,
				5B1D8F4F2D13774100297376 /* Products */,
				5B92DDD52D137EBC00306A26 /* Resources */,
				5B92DDD42D137EB700306A26 /* Shared */,
				5B16DE192D137F61008B5FEB /* Tests */,
			);
			sourceTree = "<group>";
		};
		5B1D8F4F2D13774100297376 /* Products */ = {
			isa = PBXGroup;
			children = (
				5B1D8F4E2D13774100297376 /* stitchesApp.app */,
				5B1D8F632D13774200297376 /* stitchesAppTests.xctest */,
				5B1D8F6D2D13774200297376 /* stitchesAppUITests.xctest */,
			);
			name = Products;
			sourceTree = "<group>";
		};
		5B1D8F502D13774100297376 /* stitchesApp */ = {
			isa = PBXGroup;
			children = (
				5B1D8F532D13774100297376 /* ContentView.swift */,
				5B1D8F5A2D13774200297376 /* Persistence.swift */,
				5B1D8F512D13774100297376 /* stitchesAppApp.swift */,
			);
			path = stitchesApp;
			sourceTree = "<group>";
		};
		5B1D8F572D13774200297376 /* Preview Content */ = {
			isa = PBXGroup;
			children = (
				5B1D8F582D13774200297376 /* Preview Assets.xcassets */,
			);
			path = "Preview Content";
			sourceTree = "<group>";
		};
		5B1D8F662D13774200297376 /* stitchesAppTests */ = {
			isa = PBXGroup;
			children = (
				5B1D8F672D13774200297376 /* stitchesAppTests.swift */,
			);
			path = stitchesAppTests;
			sourceTree = "<group>";
		};
		5B1D8F702D13774200297376 /* stitchesAppUITests */ = {
			isa = PBXGroup;
			children = (
				5B1D8F712D13774200297376 /* stitchesAppUITests.swift */,
				5B1D8F732D13774200297376 /* stitchesAppUITestsLaunchTests.swift */,
			);
			path = stitchesAppUITests;
			sourceTree = "<group>";
		};
		5B37E4EC2D138276005A3031 /* Views */ = {
			isa = PBXGroup;
			children = (
			);
			path = Views;
			sourceTree = "<group>";
		};
		5B37E4ED2D13827B005A3031 /* ViewModels */ = {
			isa = PBXGroup;
			children = (
			);
			path = ViewModels;
			sourceTree = "<group>";
		};
		5B37E4EE2D138284005A3031 /* Views */ = {
			isa = PBXGroup;
			children = (
			);
			path = Views;
			sourceTree = "<group>";
		};
		5B37E4EF2D138288005A3031 /* ViewModels */ = {
			isa = PBXGroup;
			children = (
			);
			path = ViewModels;
			sourceTree = "<group>";
		};
		5B37E4F02D138291005A3031 /* Views */ = {
			isa = PBXGroup;
			children = (
			);
			path = Views;
			sourceTree = "<group>";
		};
		5B37E4F12D138297005A3031 /* ViewModels */ = {
			isa = PBXGroup;
			children = (
			);
			path = ViewModels;
			sourceTree = "<group>";
		};
		5B37E4F22D1382A2005A3031 /* Components */ = {
			isa = PBXGroup;
			children = (
			);
			path = Components;
			sourceTree = "<group>";
		};
		5B37E4F32D1382A9005A3031 /* Styles */ = {
			isa = PBXGroup;
			children = (
			);
			path = Styles;
			sourceTree = "<group>";
		};
		5B37E4F52D1382BE005A3031 /* Fonts */ = {
			isa = PBXGroup;
			children = (
			);
			path = Fonts;
			sourceTree = "<group>";
		};
		5B37E4F62D1382C3005A3031 /* Localizations */ = {
			isa = PBXGroup;
			children = (
			);
			path = Localizations;
			sourceTree = "<group>";
		};
		5B37E4F72D1382CD005A3031 /* UnitTests */ = {
			isa = PBXGroup;
			children = (
				5B1D8F662D13774200297376 /* stitchesAppTests */,
			);
			path = UnitTests;
			sourceTree = "<group>";
		};
		5B37E4F82D1382D3005A3031 /* UITests */ = {
			isa = PBXGroup;
			children = (
				5B1D8F702D13774200297376 /* stitchesAppUITests */,
			);
			path = UITests;
			sourceTree = "<group>";
		};
		5B92DDD02D137E8100306A26 /* Application */ = {
			isa = PBXGroup;
			children = (
				5B1D8F572D13774200297376 /* Preview Content */,
				5B1D8F502D13774100297376 /* stitchesApp */,
			);
			path = Application;
			sourceTree = "<group>";
		};
		5B92DDD12D137E9C00306A26 /* Core */ = {
			isa = PBXGroup;
			children = (
				5B16DE1D2D137F97008B5FEB /* Constants */,
				5B16DE1E2D137F9E008B5FEB /* Extensions */,
				5B16DE1F2D137FA3008B5FEB /* Utilities */,
			);
			path = Core;
			sourceTree = "<group>";
		};
		5B92DDD22D137EA200306A26 /* Data */ = {
			isa = PBXGroup;
			children = (
				5B16DE262D137FE9008B5FEB /* CoreData */,
				5BA9AA852D1380D500E068BE /* Repositories */,
				5BA9AA862D1380E000E068BE /* Services */,
			);
			path = Data;
			sourceTree = "<group>";
		};
		5B92DDD32D137EAB00306A26 /* Features */ = {
			isa = PBXGroup;
			children = (
				5BA9AA882D1380FA00E068BE /* Counter */,
				5BA9AA872D1380F500E068BE /* Projects */,
				5BA9AA892D1380FE00E068BE /* Yarn */,
			);
			path = Features;
			sourceTree = "<group>";
		};
		5B92DDD42D137EB700306A26 /* Shared */ = {
			isa = PBXGroup;
			children = (
				5B37E4F22D1382A2005A3031 /* Components */,
				5B37E4F32D1382A9005A3031 /* Styles */,
			);
			path = Shared;
			sourceTree = "<group>";
		};
		5B92DDD52D137EBC00306A26 /* Resources */ = {
			isa = PBXGroup;
			children = (
				5B1D8F552D13774200297376 /* Assets.xcassets */,
				5B37E4F52D1382BE005A3031 /* Fonts */,
				5B37E4F62D1382C3005A3031 /* Localizations */,
			);
			path = Resources;
			sourceTree = "<group>";
		};
		5BA9AA852D1380D500E068BE /* Repositories */ = {
			isa = PBXGroup;
			children = (
			);
			path = Repositories;
			sourceTree = "<group>";
		};
		5BA9AA862D1380E000E068BE /* Services */ = {
			isa = PBXGroup;
			children = (
			);
			path = Services;
			sourceTree = "<group>";
		};
		5BA9AA872D1380F500E068BE /* Projects */ = {
			isa = PBXGroup;
			children = (
				5B37E4F12D138297005A3031 /* ViewModels */,
				5B37E4F02D138291005A3031 /* Views */,
			);
			path = Projects;
			sourceTree = "<group>";
		};
		5BA9AA882D1380FA00E068BE /* Counter */ = {
			isa = PBXGroup;
			children = (
				5B37E4EF2D138288005A3031 /* ViewModels */,
				5B37E4EE2D138284005A3031 /* Views */,
			);
			path = Counter;
			sourceTree = "<group>";
		};
		5BA9AA892D1380FE00E068BE /* Yarn */ = {
			isa = PBXGroup;
			children = (
				5B37E4ED2D13827B005A3031 /* ViewModels */,
				5B37E4EC2D138276005A3031 /* Views */,
			);
			path = Yarn;
			sourceTree = "<group>";
		};
/* End PBXGroup section */

/* Begin PBXNativeTarget section */
		5B1D8F4D2D13774100297376 /* stitchesApp */ = {
			isa = PBXNativeTarget;
			buildConfigurationList = 5B1D8F772D13774200297376 /* Build configuration list for PBXNativeTarget "stitchesApp" */;
			buildPhases = (
				5B1D8F4A2D13774100297376 /* Sources */,
				5B1D8F4B2D13774100297376 /* Frameworks */,
				5B1D8F4C2D13774100297376 /* Resources */,
			);
			buildRules = (
			);
			dependencies = (
			);
			name = stitchesApp;
			productName = stitchesApp;
			productReference = 5B1D8F4E2D13774100297376 /* stitchesApp.app */;
			productType = "com.apple.product-type.application";
		};
		5B1D8F622D13774200297376 /* stitchesAppTests */ = {
			isa = PBXNativeTarget;
			buildConfigurationList = 5B1D8F7A2D13774200297376 /* Build configuration list for PBXNativeTarget "stitchesAppTests" */;
			buildPhases = (
				5B1D8F5F2D13774200297376 /* Sources */,
				5B1D8F602D13774200297376 /* Frameworks */,
				5B1D8F612D13774200297376 /* Resources */,
			);
			buildRules = (
			);
			dependencies = (
				5B1D8F652D13774200297376 /* PBXTargetDependency */,
			);
			name = stitchesAppTests;
			productName = stitchesAppTests;
			productReference = 5B1D8F632D13774200297376 /* stitchesAppTests.xctest */;
			productType = "com.apple.product-type.bundle.unit-test";
		};
		5B1D8F6C2D13774200297376 /* stitchesAppUITests */ = {
			isa = PBXNativeTarget;
			buildConfigurationList = 5B1D8F7D2D13774200297376 /* Build configuration list for PBXNativeTarget "stitchesAppUITests" */;
			buildPhases = (
				5B1D8F692D13774200297376 /* Sources */,
				5B1D8F6A2D13774200297376 /* Frameworks */,
				5B1D8F6B2D13774200297376 /* Resources */,
			);
			buildRules = (
			);
			dependencies = (
				5B1D8F6F2D13774200297376 /* PBXTargetDependency */,
			);
			name = stitchesAppUITests;
			productName = stitchesAppUITests;
			productReference = 5B1D8F6D2D13774200297376 /* stitchesAppUITests.xctest */;
			productType = "com.apple.product-type.bundle.ui-testing";
		};
/* End PBXNativeTarget section */

/* Begin PBXProject section */
		5B1D8F462D13774100297376 /* Project object */ = {
			isa = PBXProject;
			attributes = {
				BuildIndependentTargetsInParallel = 1;
				LastSwiftUpdateCheck = 1530;
				LastUpgradeCheck = 1530;
				TargetAttributes = {
					5B1D8F4D2D13774100297376 = {
						CreatedOnToolsVersion = 15.3;
					};
					5B1D8F622D13774200297376 = {
						CreatedOnToolsVersion = 15.3;
						TestTargetID = 5B1D8F4D2D13774100297376;
					};
					5B1D8F6C2D13774200297376 = {
						CreatedOnToolsVersion = 15.3;
						TestTargetID = 5B1D8F4D2D13774100297376;
					};
				};
			};
			buildConfigurationList = 5B1D8F492D13774100297376 /* Build configuration list for PBXProject "stitchesApp" */;
			compatibilityVersion = "Xcode 14.0";
			developmentRegion = en;
			hasScannedForEncodings = 0;
			knownRegions = (
				en,
				Base,
			);
			mainGroup = 5B1D8F452D13774100297376;
			productRefGroup = 5B1D8F4F2D13774100297376 /* Products */;
			projectDirPath = "";
			projectRoot = "";
			targets = (
				5B1D8F4D2D13774100297376 /* stitchesApp */,
				5B1D8F622D13774200297376 /* stitchesAppTests */,
				5B1D8F6C2D13774200297376 /* stitchesAppUITests */,
			);
		};
/* End PBXProject section */

/* Begin PBXResourcesBuildPhase section */
		5B1D8F4C2D13774100297376 /* Resources */ = {
			isa = PBXResourcesBuildPhase;
			buildActionMask = 2147483647;
			files = (
				5B1D8F592D13774200297376 /* Preview Assets.xcassets in Resources */,
				5B1D8F562D13774200297376 /* Assets.xcassets in Resources */,
			);
			runOnlyForDeploymentPostprocessing = 0;
		};
		5B1D8F612D13774200297376 /* Resources */ = {
			isa = PBXResourcesBuildPhase;
			buildActionMask = 2147483647;
			files = (
			);
			runOnlyForDeploymentPostprocessing = 0;
		};
		5B1D8F6B2D13774200297376 /* Resources */ = {
			isa = PBXResourcesBuildPhase;
			buildActionMask = 2147483647;
			files = (
			);
			runOnlyForDeploymentPostprocessing = 0;
		};
/* End PBXResourcesBuildPhase section */

/* Begin PBXSourcesBuildPhase section */
		5B1D8F4A2D13774100297376 /* Sources */ = {
			isa = PBXSourcesBuildPhase;
			buildActionMask = 2147483647;
			files = (
				5B1D8F5E2D13774200297376 /* stitchesApp.xcdatamodeld in Sources */,
				5B1D8F5B2D13774200297376 /* Persistence.swift in Sources */,
				5B1D8F542D13774100297376 /* ContentView.swift in Sources */,
				5B1D8F522D13774100297376 /* stitchesAppApp.swift in Sources */,
			);
			runOnlyForDeploymentPostprocessing = 0;
		};
		5B1D8F5F2D13774200297376 /* Sources */ = {
			isa = PBXSourcesBuildPhase;
			buildActionMask = 2147483647;
			files = (
				5B1D8F682D13774200297376 /* stitchesAppTests.swift in Sources */,
			);
			runOnlyForDeploymentPostprocessing = 0;
		};
		5B1D8F692D13774200297376 /* Sources */ = {
			isa = PBXSourcesBuildPhase;
			buildActionMask = 2147483647;
			files = (
				5B1D8F722D13774200297376 /* stitchesAppUITests.swift in Sources */,
				5B1D8F742D13774200297376 /* stitchesAppUITestsLaunchTests.swift in Sources */,
			);
			runOnlyForDeploymentPostprocessing = 0;
		};
/* End PBXSourcesBuildPhase section */

/* Begin PBXTargetDependency section */
		5B1D8F652D13774200297376 /* PBXTargetDependency */ = {
			isa = PBXTargetDependency;
			target = 5B1D8F4D2D13774100297376 /* stitchesApp */;
			targetProxy = 5B1D8F642D13774200297376 /* PBXContainerItemProxy */;
		};
		5B1D8F6F2D13774200297376 /* PBXTargetDependency */ = {
			isa = PBXTargetDependency;
			target = 5B1D8F4D2D13774100297376 /* stitchesApp */;
			targetProxy = 5B1D8F6E2D13774200297376 /* PBXContainerItemProxy */;
		};
/* End PBXTargetDependency section */

/* Begin XCBuildConfiguration section */
		5B1D8F752D13774200297376 /* Debug */ = {
			isa = XCBuildConfiguration;
			buildSettings = {
				ALWAYS_SEARCH_USER_PATHS = NO;
				ASSETCATALOG_COMPILER_GENERATE_SWIFT_ASSET_SYMBOL_EXTENSIONS = YES;
				CLANG_ANALYZER_NONNULL = YES;
				CLANG_ANALYZER_NUMBER_OBJECT_CONVERSION = YES_AGGRESSIVE;
				CLANG_CXX_LANGUAGE_STANDARD = "gnu++20";
				CLANG_ENABLE_MODULES = YES;
				CLANG_ENABLE_OBJC_ARC = YES;
				CLANG_ENABLE_OBJC_WEAK = YES;
				CLANG_WARN_BLOCK_CAPTURE_AUTORELEASING = YES;
				CLANG_WARN_BOOL_CONVERSION = YES;
				CLANG_WARN_COMMA = YES;
				CLANG_WARN_CONSTANT_CONVERSION = YES;
				CLANG_WARN_DEPRECATED_OBJC_IMPLEMENTATIONS = YES;
				CLANG_WARN_DIRECT_OBJC_ISA_USAGE = YES_ERROR;
				CLANG_WARN_DOCUMENTATION_COMMENTS = YES;
				CLANG_WARN_EMPTY_BODY = YES;
				CLANG_WARN_ENUM_CONVERSION = YES;
				CLANG_WARN_INFINITE_RECURSION = YES;
				CLANG_WARN_INT_CONVERSION = YES;
				CLANG_WARN_NON_LITERAL_NULL_CONVERSION = YES;
				CLANG_WARN_OBJC_IMPLICIT_RETAIN_SELF = YES;
				CLANG_WARN_OBJC_LITERAL_CONVERSION = YES;
				CLANG_WARN_OBJC_ROOT_CLASS = YES_ERROR;
				CLANG_WARN_QUOTED_INCLUDE_IN_FRAMEWORK_HEADER = YES;
				CLANG_WARN_RANGE_LOOP_ANALYSIS = YES;
				CLANG_WARN_STRICT_PROTOTYPES = YES;
				CLANG_WARN_SUSPICIOUS_MOVE = YES;
				CLANG_WARN_UNGUARDED_AVAILABILITY = YES_AGGRESSIVE;
				CLANG_WARN_UNREACHABLE_CODE = YES;
				CLANG_WARN__DUPLICATE_METHOD_MATCH = YES;
				COPY_PHASE_STRIP = NO;
				DEBUG_INFORMATION_FORMAT = dwarf;
				ENABLE_STRICT_OBJC_MSGSEND = YES;
				ENABLE_TESTABILITY = YES;
				ENABLE_USER_SCRIPT_SANDBOXING = YES;
				GCC_C_LANGUAGE_STANDARD = gnu17;
				GCC_DYNAMIC_NO_PIC = NO;
				GCC_NO_COMMON_BLOCKS = YES;
				GCC_OPTIMIZATION_LEVEL = 0;
				GCC_PREPROCESSOR_DEFINITIONS = (
					"DEBUG=1",
					"$(inherited)",
				);
				GCC_WARN_64_TO_32_BIT_CONVERSION = YES;
				GCC_WARN_ABOUT_RETURN_TYPE = YES_ERROR;
				GCC_WARN_UNDECLARED_SELECTOR = YES;
				GCC_WARN_UNINITIALIZED_AUTOS = YES_AGGRESSIVE;
				GCC_WARN_UNUSED_FUNCTION = YES;
				GCC_WARN_UNUSED_VARIABLE = YES;
				IPHONEOS_DEPLOYMENT_TARGET = 17.4;
				LOCALIZATION_PREFERS_STRING_CATALOGS = YES;
				MTL_ENABLE_DEBUG_INFO = INCLUDE_SOURCE;
				MTL_FAST_MATH = YES;
				ONLY_ACTIVE_ARCH = YES;
				SDKROOT = iphoneos;
				SWIFT_ACTIVE_COMPILATION_CONDITIONS = "DEBUG $(inherited)";
				SWIFT_OPTIMIZATION_LEVEL = "-Onone";
			};
			name = Debug;
		};
		5B1D8F762D13774200297376 /* Release */ = {
			isa = XCBuildConfiguration;
			buildSettings = {
				ALWAYS_SEARCH_USER_PATHS = NO;
				ASSETCATALOG_COMPILER_GENERATE_SWIFT_ASSET_SYMBOL_EXTENSIONS = YES;
				CLANG_ANALYZER_NONNULL = YES;
				CLANG_ANALYZER_NUMBER_OBJECT_CONVERSION = YES_AGGRESSIVE;
				CLANG_CXX_LANGUAGE_STANDARD = "gnu++20";
				CLANG_ENABLE_MODULES = YES;
				CLANG_ENABLE_OBJC_ARC = YES;
				CLANG_ENABLE_OBJC_WEAK = YES;
				CLANG_WARN_BLOCK_CAPTURE_AUTORELEASING = YES;
				CLANG_WARN_BOOL_CONVERSION = YES;
				CLANG_WARN_COMMA = YES;
				CLANG_WARN_CONSTANT_CONVERSION = YES;
				CLANG_WARN_DEPRECATED_OBJC_IMPLEMENTATIONS = YES;
				CLANG_WARN_DIRECT_OBJC_ISA_USAGE = YES_ERROR;
				CLANG_WARN_DOCUMENTATION_COMMENTS = YES;
				CLANG_WARN_EMPTY_BODY = YES;
				CLANG_WARN_ENUM_CONVERSION = YES;
				CLANG_WARN_INFINITE_RECURSION = YES;
				CLANG_WARN_INT_CONVERSION = YES;
				CLANG_WARN_NON_LITERAL_NULL_CONVERSION = YES;
				CLANG_WARN_OBJC_IMPLICIT_RETAIN_SELF = YES;
				CLANG_WARN_OBJC_LITERAL_CONVERSION = YES;
				CLANG_WARN_OBJC_ROOT_CLASS = YES_ERROR;
				CLANG_WARN_QUOTED_INCLUDE_IN_FRAMEWORK_HEADER = YES;
				CLANG_WARN_RANGE_LOOP_ANALYSIS = YES;
				CLANG_WARN_STRICT_PROTOTYPES = YES;
				CLANG_WARN_SUSPICIOUS_MOVE = YES;
				CLANG_WARN_UNGUARDED_AVAILABILITY = YES_AGGRESSIVE;
				CLANG_WARN_UNREACHABLE_CODE = YES;
				CLANG_WARN__DUPLICATE_METHOD_MATCH = YES;
				COPY_PHASE_STRIP = NO;
				DEBUG_INFORMATION_FORMAT = "dwarf-with-dsym";
				ENABLE_NS_ASSERTIONS = NO;
				ENABLE_STRICT_OBJC_MSGSEND = YES;
				ENABLE_USER_SCRIPT_SANDBOXING = YES;
				GCC_C_LANGUAGE_STANDARD = gnu17;
				GCC_NO_COMMON_BLOCKS = YES;
				GCC_WARN_64_TO_32_BIT_CONVERSION = YES;
				GCC_WARN_ABOUT_RETURN_TYPE = YES_ERROR;
				GCC_WARN_UNDECLARED_SELECTOR = YES;
				GCC_WARN_UNINITIALIZED_AUTOS = YES_AGGRESSIVE;
				GCC_WARN_UNUSED_FUNCTION = YES;
				GCC_WARN_UNUSED_VARIABLE = YES;
				IPHONEOS_DEPLOYMENT_TARGET = 17.4;
				LOCALIZATION_PREFERS_STRING_CATALOGS = YES;
				MTL_ENABLE_DEBUG_INFO = NO;
				MTL_FAST_MATH = YES;
				SDKROOT = iphoneos;
				SWIFT_COMPILATION_MODE = wholemodule;
				VALIDATE_PRODUCT = YES;
			};
			name = Release;
		};
		5B1D8F782D13774200297376 /* Debug */ = {
			isa = XCBuildConfiguration;
			buildSettings = {
				ASSETCATALOG_COMPILER_APPICON_NAME = AppIcon;
				ASSETCATALOG_COMPILER_GLOBAL_ACCENT_COLOR_NAME = AccentColor;
				CODE_SIGN_STYLE = Automatic;
				CURRENT_PROJECT_VERSION = 1;
				DEVELOPMENT_ASSET_PATHS = "\"stitchesApp/Preview Content\"";
				ENABLE_PREVIEWS = YES;
				GENERATE_INFOPLIST_FILE = YES;
				INFOPLIST_KEY_UIApplicationSceneManifest_Generation = YES;
				INFOPLIST_KEY_UIApplicationSupportsIndirectInputEvents = YES;
				INFOPLIST_KEY_UILaunchScreen_Generation = YES;
				INFOPLIST_KEY_UISupportedInterfaceOrientations_iPad = "UIInterfaceOrientationPortrait UIInterfaceOrientationPortraitUpsideDown UIInterfaceOrientationLandscapeLeft UIInterfaceOrientationLandscapeRight";
				INFOPLIST_KEY_UISupportedInterfaceOrientations_iPhone = "UIInterfaceOrientationPortrait UIInterfaceOrientationLandscapeLeft UIInterfaceOrientationLandscapeRight";
				LD_RUNPATH_SEARCH_PATHS = (
					"$(inherited)",
					"@executable_path/Frameworks",
				);
				MARKETING_VERSION = 1.0;
				PRODUCT_BUNDLE_IDENTIFIER = stitches.stitchesApp;
				PRODUCT_NAME = "$(TARGET_NAME)";
				SWIFT_EMIT_LOC_STRINGS = YES;
				SWIFT_VERSION = 5.0;
				TARGETED_DEVICE_FAMILY = "1,2";
			};
			name = Debug;
		};
		5B1D8F792D13774200297376 /* Release */ = {
			isa = XCBuildConfiguration;
			buildSettings = {
				ASSETCATALOG_COMPILER_APPICON_NAME = AppIcon;
				ASSETCATALOG_COMPILER_GLOBAL_ACCENT_COLOR_NAME = AccentColor;
				CODE_SIGN_STYLE = Automatic;
				CURRENT_PROJECT_VERSION = 1;
				DEVELOPMENT_ASSET_PATHS = "\"stitchesApp/Preview Content\"";
				ENABLE_PREVIEWS = YES;
				GENERATE_INFOPLIST_FILE = YES;
				INFOPLIST_KEY_UIApplicationSceneManifest_Generation = YES;
				INFOPLIST_KEY_UIApplicationSupportsIndirectInputEvents = YES;
				INFOPLIST_KEY_UILaunchScreen_Generation = YES;
				INFOPLIST_KEY_UISupportedInterfaceOrientations_iPad = "UIInterfaceOrientationPortrait UIInterfaceOrientationPortraitUpsideDown UIInterfaceOrientationLandscapeLeft UIInterfaceOrientationLandscapeRight";
				INFOPLIST_KEY_UISupportedInterfaceOrientations_iPhone = "UIInterfaceOrientationPortrait UIInterfaceOrientationLandscapeLeft UIInterfaceOrientationLandscapeRight";
				LD_RUNPATH_SEARCH_PATHS = (
					"$(inherited)",
					"@executable_path/Frameworks",
				);
				MARKETING_VERSION = 1.0;
				PRODUCT_BUNDLE_IDENTIFIER = stitches.stitchesApp;
				PRODUCT_NAME = "$(TARGET_NAME)";
				SWIFT_EMIT_LOC_STRINGS = YES;
				SWIFT_VERSION = 5.0;
				TARGETED_DEVICE_FAMILY = "1,2";
			};
			name = Release;
		};
		5B1D8F7B2D13774200297376 /* Debug */ = {
			isa = XCBuildConfiguration;
			buildSettings = {
				ALWAYS_EMBED_SWIFT_STANDARD_LIBRARIES = YES;
				BUNDLE_LOADER = "$(TEST_HOST)";
				CODE_SIGN_STYLE = Automatic;
				CURRENT_PROJECT_VERSION = 1;
				GENERATE_INFOPLIST_FILE = YES;
				IPHONEOS_DEPLOYMENT_TARGET = 17.4;
				MARKETING_VERSION = 1.0;
				PRODUCT_BUNDLE_IDENTIFIER = stitches.stitchesAppTests;
				PRODUCT_NAME = "$(TARGET_NAME)";
				SWIFT_EMIT_LOC_STRINGS = NO;
				SWIFT_VERSION = 5.0;
				TARGETED_DEVICE_FAMILY = "1,2";
				TEST_HOST = "$(BUILT_PRODUCTS_DIR)/stitchesApp.app/$(BUNDLE_EXECUTABLE_FOLDER_PATH)/stitchesApp";
			};
			name = Debug;
		};
		5B1D8F7C2D13774200297376 /* Release */ = {
			isa = XCBuildConfiguration;
			buildSettings = {
				ALWAYS_EMBED_SWIFT_STANDARD_LIBRARIES = YES;
				BUNDLE_LOADER = "$(TEST_HOST)";
				CODE_SIGN_STYLE = Automatic;
				CURRENT_PROJECT_VERSION = 1;
				GENERATE_INFOPLIST_FILE = YES;
				IPHONEOS_DEPLOYMENT_TARGET = 17.4;
				MARKETING_VERSION = 1.0;
				PRODUCT_BUNDLE_IDENTIFIER = stitches.stitchesAppTests;
				PRODUCT_NAME = "$(TARGET_NAME)";
				SWIFT_EMIT_LOC_STRINGS = NO;
				SWIFT_VERSION = 5.0;
				TARGETED_DEVICE_FAMILY = "1,2";
				TEST_HOST = "$(BUILT_PRODUCTS_DIR)/stitchesApp.app/$(BUNDLE_EXECUTABLE_FOLDER_PATH)/stitchesApp";
			};
			name = Release;
		};
		5B1D8F7E2D13774200297376 /* Debug */ = {
			isa = XCBuildConfiguration;
			buildSettings = {
				ALWAYS_EMBED_SWIFT_STANDARD_LIBRARIES = YES;
				CODE_SIGN_STYLE = Automatic;
				CURRENT_PROJECT_VERSION = 1;
				GENERATE_INFOPLIST_FILE = YES;
				MARKETING_VERSION = 1.0;
				PRODUCT_BUNDLE_IDENTIFIER = stitches.stitchesAppUITests;
				PRODUCT_NAME = "$(TARGET_NAME)";
				SWIFT_EMIT_LOC_STRINGS = NO;
				SWIFT_VERSION = 5.0;
				TARGETED_DEVICE_FAMILY = "1,2";
				TEST_TARGET_NAME = stitchesApp;
			};
			name = Debug;
		};
		5B1D8F7F2D13774200297376 /* Release */ = {
			isa = XCBuildConfiguration;
			buildSettings = {
				ALWAYS_EMBED_SWIFT_STANDARD_LIBRARIES = YES;
				CODE_SIGN_STYLE = Automatic;
				CURRENT_PROJECT_VERSION = 1;
				GENERATE_INFOPLIST_FILE = YES;
				MARKETING_VERSION = 1.0;
				PRODUCT_BUNDLE_IDENTIFIER = stitches.stitchesAppUITests;
				PRODUCT_NAME = "$(TARGET_NAME)";
				SWIFT_EMIT_LOC_STRINGS = NO;
				SWIFT_VERSION = 5.0;
				TARGETED_DEVICE_FAMILY = "1,2";
				TEST_TARGET_NAME = stitchesApp;
			};
			name = Release;
		};
/* End XCBuildConfiguration section */

/* Begin XCConfigurationList section */
		5B1D8F492D13774100297376 /* Build configuration list for PBXProject "stitchesApp" */ = {
			isa = XCConfigurationList;
			buildConfigurations = (
				5B1D8F752D13774200297376 /* Debug */,
				5B1D8F762D13774200297376 /* Release */,
			);
			defaultConfigurationIsVisible = 0;
			defaultConfigurationName = Release;
		};
		5B1D8F772D13774200297376 /* Build configuration list for PBXNativeTarget "stitchesApp" */ = {
			isa = XCConfigurationList;
			buildConfigurations = (
				5B1D8F782D13774200297376 /* Debug */,
				5B1D8F792D13774200297376 /* Release */,
			);
			defaultConfigurationIsVisible = 0;
			defaultConfigurationName = Release;
		};
		5B1D8F7A2D13774200297376 /* Build configuration list for PBXNativeTarget "stitchesAppTests" */ = {
			isa = XCConfigurationList;
			buildConfigurations = (
				5B1D8F7B2D13774200297376 /* Debug */,
				5B1D8F7C2D13774200297376 /* Release */,
			);
			defaultConfigurationIsVisible = 0;
			defaultConfigurationName = Release;
		};
		5B1D8F7D2D13774200297376 /* Build configuration list for PBXNativeTarget "stitchesAppUITests" */ = {
			isa = XCConfigurationList;
			buildConfigurations = (
				5B1D8F7E2D13774200297376 /* Debug */,
				5B1D8F7F2D13774200297376 /* Release */,
			);
			defaultConfigurationIsVisible = 0;
			defaultConfigurationName = Release;
		};
/* End XCConfigurationList section */

/* Begin XCVersionGroup section */
		5B1D8F5C2D13774200297376 /* stitchesApp.xcdatamodeld */ = {
			isa = XCVersionGroup;
			children = (
				5B1D8F5D2D13774200297376 /* stitchesApp.xcdatamodel */,
			);
			currentVersion = 5B1D8F5D2D13774200297376 /* stitchesApp.xcdatamodel */;
			path = stitchesApp.xcdatamodeld;
			sourceTree = "<group>";
			versionGroupType = wrapper.xcdatamodel;
		};
/* End XCVersionGroup section */
	};
	rootObject = 5B1D8F462D13774100297376 /* Project object */;
}
